<Solution>
  <Folder Name="/$HowTo/">
    <Project Path="src/CodeRules.HowTo/CodeRules.HowTo.csproj" />
  </Folder>
  <Folder Name="/Api/">
    <Project Path="src/Basta.WebApi.Test/Basta.WebApi.Test.csproj" Id="9a18b7a4-46bc-4e33-b1bc-9e4ed6ff1eab" />
    <Project Path="src/Basta.WebApi/Basta.WebApi.csproj" Id="96006d8e-008f-4197-b7ca-4c8dc7101241" />
  </Folder>
  <Folder Name="/CodeRules/">
    <Project Path="src/Basta.CodeRules/Basta.CodeRules.csproj" />
  </Folder>
  <Folder Name="/Docs/">
    <File Path="README.md" />
    <File Path="AGENTS.md" />
    <File Path="CLAUDE.md" />
    <File Path="LICENSE" />
  </Folder>
  <Folder Name="/Nuget/">
    <File Path="Directory.Packages.props" />
    <File Path="NuGet.Config" />
  </Folder>
  <Folder Name="/PowerPoint/">
    <File Path="Basta_Autumn_2026.pptx" />
    <File Path="self-defending-code-base.jpg" />
  </Folder>
  <Folder Name="/Roslyn/">
    <Project Path="src/Basta.Analyzer/Basta.Analyzer.csproj" />
    <Project Path="src/Basta.CodeFixes/Basta.CodeFixes.csproj" />
  </Folder>
  <Folder Name="/SolutionItems/">
    <File Path=".editorconfig" />
    <File Path=".gitattributes" />
    <File Path="Directory.Build.props" />
    <File Path="global.json" />
  </Folder>

</Solution>
